
Microsoft Visual Studio Solution File, Format Version 12.00
# Visual Studio Version 17
VisualStudioVersion = 17.7.34031.279
MinimumVisualStudioVersion = 10.0.40219.1
Project("{FAE04EC0-301F-11D3-BF4B-00C04F79EFBC}") = "PR_12.2", "PR_12.2.csproj", "{61D5AAD8-F475-4110-8844-E33D7ABEAA91}"
EndProject
Global
	GlobalSection(SolutionConfigurationPlatforms) = preSolution
		Debug|Any CPU = Debug|Any CPU
		Release|Any CPU = Release|Any CPU
	EndGlobalSection
	GlobalSection(ProjectConfigurationPlatforms) = postSolution
		{61D5AAD8-F475-4110-8844-E33D7ABEAA91}.Debug|Any CPU.ActiveCfg = Debug|Any CPU
		{61D5AAD8-F475-4110-8844-E33D7ABEAA91}.Debug|Any CPU.Build.0 = Debug|Any CPU
		{61D5AAD8-F475-4110-8844-E33D7ABEAA91}.Release|Any CPU.ActiveCfg = Release|Any CPU
		{61D5AAD8-F475-4110-8844-E33D7ABEAA91}.Release|Any CPU.Build.0 = Release|Any CPU
	EndGlobalSection
	GlobalSection(SolutionProperties) = preSolution
		HideSolutionNode = FALSE
	EndGlobalSection
	GlobalSection(ExtensibilityGlobals) = postSolution
		SolutionGuid = {C92EA71E-0385-45CA-9AAF-5B04C891C1BD}
	EndGlobalSection
EndGlobal
